{
  "name": "audit-cli",
  "version": "1.0.0",
  "lockfileVersion": 1,
  "requires": true,
  "dependencies": {
    "@types/node": {
      "version": "8.5.2",
      "resolved": "http://artifactory.rvapps.io:80/api/npm/npm-rvapps/@types/node/-/node-8.5.2.tgz",
      "integrity": "sha1-g7gQP6miwug9ePcBqap8lTlzmqU="
    },
    "abab": {
      "version": "1.0.4",
      "resolved": "http://artifactory.rvapps.io:80/api/npm/npm-rvapps/abab/-/abab-1.0.4.tgz",
      "integrity": "sha1-X6rZwsB/YN12dw9xzwJbYqY8/U4="
    },
    "acorn": {
      "version": "5.2.1",
      "resolved": "http://artifactory.rvapps.io:80/api/npm/npm-rvapps/acorn/-/acorn-5.2.1.tgz",
      "integrity": "sha1-MXrHghgmwixwLWYYmrg1lnXxNdc="
    },
    "acorn-globals": {
      "version": "4.1.0",
      "resolved": "http://artifactory.rvapps.io:80/api/npm/npm-rvapps/acorn-globals/-/acorn-globals-4.1.0.tgz",
      "integrity": "sha1-q3FgJdvhfFTT74HTLs4rLZn+JTg=",
      "requires": {
        "acorn": "5.2.1"
      }
    },
    "ajv": {
      "version": "5.5.2",
      "resolved": "http://artifactory.rvapps.io:80/api/npm/npm-rvapps/ajv/-/ajv-5.5.2.tgz",
      "integrity": "sha1-c7Xuyj+rZT49P5Qis0GtQiBdyWU=",
      "requires": {
        "co": "4.6.0",
        "fast-deep-equal": "1.0.0",
        "fast-json-stable-stringify": "2.0.0",
        "json-schema-traverse": "0.3.1"
      }
    },
    "ansi-regex": {
      "version": "2.1.1",
      "resolved": "http://artifactory.rvapps.io:80/api/npm/npm-rvapps/ansi-regex/-/ansi-regex-2.1.1.tgz",
      "integrity": "sha1-w7M6te42DYbg5ijwRorn7yfWVN8="
    },
    "ansi-styles": {
      "version": "3.2.0",
      "resolved": "http://artifactory.rvapps.io:80/api/npm/npm-rvapps/ansi-styles/-/ansi-styles-3.2.0.tgz",
      "integrity": "sha1-wVm41b4PnlpvNG2rlPFs4CIWG4g=",
      "requires": {
        "color-convert": "1.9.1"
      }
    },
    "array-equal": {
      "version": "1.0.0",
      "resolved": "http://artifactory.rvapps.io:80/api/npm/npm-rvapps/array-equal/-/array-equal-1.0.0.tgz",
      "integrity": "sha1-jCpe8kcv2ep0KwTHenUJO6J1fJM="
    },
    "asn1": {
      "version": "0.2.3",
      "resolved": "http://artifactory.rvapps.io:80/api/npm/npm-rvapps/asn1/-/asn1-0.2.3.tgz",
      "integrity": "sha1-2sh4dxPJlmhJ/IGAd36+nB3fO4Y="
    },
    "assert-plus": {
      "version": "1.0.0",
      "resolved": "http://artifactory.rvapps.io:80/api/npm/npm-rvapps/assert-plus/-/assert-plus-1.0.0.tgz",
      "integrity": "sha1-8S4PPF13sLHN2RRpQuTpbB5N1SU="
    },
    "asynckit": {
      "version": "0.4.0",
      "resolved": "http://artifactory.rvapps.io:80/api/npm/npm-rvapps/asynckit/-/asynckit-0.4.0.tgz",
      "integrity": "sha1-x57Zf380y48robyXkLzDZkdLS3k="
    },
    "aws-sign2": {
      "version": "0.7.0",
      "resolved": "http://artifactory.rvapps.io:80/api/npm/npm-rvapps/aws-sign2/-/aws-sign2-0.7.0.tgz",
      "integrity": "sha1-tG6JCTSpWR8tL2+G1+ap8bP+dqg="
    },
    "aws4": {
      "version": "1.6.0",
      "resolved": "http://artifactory.rvapps.io:80/api/npm/npm-rvapps/aws4/-/aws4-1.6.0.tgz",
      "integrity": "sha1-g+9cqGCysy5KDe7e6MdxudtXRx4="
    },
    "bcrypt-pbkdf": {
      "version": "1.0.1",
      "resolved": "http://artifactory.rvapps.io:80/api/npm/npm-rvapps/bcrypt-pbkdf/-/bcrypt-pbkdf-1.0.1.tgz",
      "integrity": "sha1-Y7xdy2EzG5K8Bf1SiVPDNGKgb40=",
      "optional": true,
      "requires": {
        "tweetnacl": "0.14.5"
      }
    },
    "boom": {
      "version": "4.3.1",
      "resolved": "http://artifactory.rvapps.io:80/api/npm/npm-rvapps/boom/-/boom-4.3.1.tgz",
      "integrity": "sha1-T4owBctKfjiJ90kDD9JbluAdLjE=",
      "requires": {
        "hoek": "4.2.0"
      }
    },
    "browser-process-hrtime": {
      "version": "0.1.2",
      "resolved": "http://artifactory.rvapps.io:80/api/npm/npm-rvapps/browser-process-hrtime/-/browser-process-hrtime-0.1.2.tgz",
      "integrity": "sha1-Ql1opY00R/AqBKqJQYf86K+Le44="
    },
    "camelcase": {
      "version": "4.1.0",
      "resolved": "http://artifactory.rvapps.io:80/api/npm/npm-rvapps/camelcase/-/camelcase-4.1.0.tgz",
      "integrity": "sha1-1UVjW+HjPFQmScaRc+Xeas+uNN0="
    },
    "caseless": {
      "version": "0.12.0",
      "resolved": "http://artifactory.rvapps.io:80/api/npm/npm-rvapps/caseless/-/caseless-0.12.0.tgz",
      "integrity": "sha1-G2gcIf+EAzyCZUMJBolCDRhxUdw="
    },
    "chalk": {
      "version": "2.3.0",
      "resolved": "http://artifactory.rvapps.io:80/api/npm/npm-rvapps/chalk/-/chalk-2.3.0.tgz",
      "integrity": "sha1-tepI78nBeT3MybR2fJORTT8tUro=",
      "requires": {
        "ansi-styles": "3.2.0",
        "escape-string-regexp": "1.0.5",
        "supports-color": "4.5.0"
      }
    },
    "cliui": {
      "version": "3.2.0",
      "resolved": "http://artifactory.rvapps.io:80/api/npm/npm-rvapps/cliui/-/cliui-3.2.0.tgz",
      "integrity": "sha1-EgYBU3qRbSmUD5NNo7SNWFo5IT0=",
      "requires": {
        "string-width": "1.0.2",
        "strip-ansi": "3.0.1",
        "wrap-ansi": "2.1.0"
      },
      "dependencies": {
        "string-width": {
          "version": "1.0.2",
          "resolved": "http://artifactory.rvapps.io:80/api/npm/npm-rvapps/string-width/-/string-width-1.0.2.tgz",
          "integrity": "sha1-EYvfW4zcUaKn5w0hHgfisLmxB9M=",
          "requires": {
            "code-point-at": "1.1.0",
            "is-fullwidth-code-point": "1.0.0",
            "strip-ansi": "3.0.1"
          }
        }
      }
    },
    "co": {
      "version": "4.6.0",
      "resolved": "http://artifactory.rvapps.io:80/api/npm/npm-rvapps/co/-/co-4.6.0.tgz",
      "integrity": "sha1-bqa989hTrlTMuOR7+gvz+QMfsYQ="
    },
    "code-point-at": {
      "version": "1.1.0",
      "resolved": "http://artifactory.rvapps.io:80/api/npm/npm-rvapps/code-point-at/-/code-point-at-1.1.0.tgz",
      "integrity": "sha1-DQcLTQQ6W+ozovGkDi7bPZpMz3c="
    },
    "color-convert": {
      "version": "1.9.1",
      "resolved": "http://artifactory.rvapps.io:80/api/npm/npm-rvapps/color-convert/-/color-convert-1.9.1.tgz",
      "integrity": "sha1-wSYRB66y8pTr/+ye2eytUppgl+0=",
      "requires": {
        "color-name": "1.1.3"
      }
    },
    "color-name": {
      "version": "1.1.3",
      "resolved": "http://artifactory.rvapps.io:80/api/npm/npm-rvapps/color-name/-/color-name-1.1.3.tgz",
      "integrity": "sha1-p9BVi9icQveV3UIyj3QIMcpTvCU="
    },
    "combined-stream": {
      "version": "1.0.5",
      "resolved": "http://artifactory.rvapps.io:80/api/npm/npm-rvapps/combined-stream/-/combined-stream-1.0.5.tgz",
      "integrity": "sha1-k4NwpXtKUd6ix3wV1cX9+JUWQAk=",
      "requires": {
        "delayed-stream": "1.0.0"
      }
    },
    "content-type-parser": {
      "version": "1.0.2",
      "resolved": "http://artifactory.rvapps.io:80/api/npm/npm-rvapps/content-type-parser/-/content-type-parser-1.0.2.tgz",
      "integrity": "sha1-yqvoBiPmNjiyUC/Ux/Ev9M4jUuc="
    },
    "core-util-is": {
      "version": "1.0.2",
      "resolved": "http://artifactory.rvapps.io:80/api/npm/npm-rvapps/core-util-is/-/core-util-is-1.0.2.tgz",
      "integrity": "sha1-tf1UIgqivFq1eqtxQMlAdUUDwac="
    },
    "cross-spawn": {
      "version": "5.1.0",
      "resolved": "http://artifactory.rvapps.io:80/api/npm/npm-rvapps/cross-spawn/-/cross-spawn-5.1.0.tgz",
      "integrity": "sha1-6L0O/uWPz/b4+UUQoKVUu/ojVEk=",
      "requires": {
        "lru-cache": "4.1.1",
        "shebang-command": "1.2.0",
        "which": "1.3.0"
      }
    },
    "cryptiles": {
      "version": "3.1.2",
      "resolved": "http://artifactory.rvapps.io:80/api/npm/npm-rvapps/cryptiles/-/cryptiles-3.1.2.tgz",
      "integrity": "sha1-qJ+7Ig9c4l7FboxKqKT9e1sNKf4=",
      "requires": {
        "boom": "5.2.0"
      },
      "dependencies": {
        "boom": {
          "version": "5.2.0",
          "resolved": "http://artifactory.rvapps.io:80/api/npm/npm-rvapps/boom/-/boom-5.2.0.tgz",
          "integrity": "sha1-XdnabuOl8wIHdDYpDLcX0/SlTgI=",
          "requires": {
            "hoek": "4.2.0"
          }
        }
      }
    },
    "cssom": {
      "version": "0.3.2",
      "resolved": "http://artifactory.rvapps.io:80/api/npm/npm-rvapps/cssom/-/cssom-0.3.2.tgz",
      "integrity": "sha1-uANhcMefB6kP8vFuIihAJ6JDhIs="
    },
    "cssstyle": {
      "version": "0.2.37",
      "resolved": "http://artifactory.rvapps.io:80/api/npm/npm-rvapps/cssstyle/-/cssstyle-0.2.37.tgz",
      "integrity": "sha1-VBCXI0yyUTyDzu06zdwn/yeYfVQ=",
      "requires": {
        "cssom": "0.3.2"
      }
    },
    "dashdash": {
      "version": "1.14.1",
      "resolved": "http://artifactory.rvapps.io:80/api/npm/npm-rvapps/dashdash/-/dashdash-1.14.1.tgz",
      "integrity": "sha1-hTz6D3y+L+1d4gMmuN1YEDX24vA=",
      "requires": {
        "assert-plus": "1.0.0"
      }
    },
    "decamelize": {
      "version": "1.2.0",
      "resolved": "http://artifactory.rvapps.io:80/api/npm/npm-rvapps/decamelize/-/decamelize-1.2.0.tgz",
      "integrity": "sha1-9lNNFRSCabIDUue+4m9QH5oZEpA="
    },
    "deep-is": {
      "version": "0.1.3",
      "resolved": "http://artifactory.rvapps.io:80/api/npm/npm-rvapps/deep-is/-/deep-is-0.1.3.tgz",
      "integrity": "sha1-s2nW+128E+7PUk+RsHD+7cNXzzQ="
    },
    "delayed-stream": {
      "version": "1.0.0",
      "resolved": "http://artifactory.rvapps.io:80/api/npm/npm-rvapps/delayed-stream/-/delayed-stream-1.0.0.tgz",
      "integrity": "sha1-3zrhmayt+31ECqrgsp4icrJOxhk="
    },
    "domexception": {
      "version": "1.0.0",
      "resolved": "http://artifactory.rvapps.io:80/api/npm/npm-rvapps/domexception/-/domexception-1.0.0.tgz",
      "integrity": "sha1-gf5d+Bs/BXBSzeOp+pv1NqhbmrA="
    },
    "ecc-jsbn": {
      "version": "0.1.1",
      "resolved": "http://artifactory.rvapps.io:80/api/npm/npm-rvapps/ecc-jsbn/-/ecc-jsbn-0.1.1.tgz",
      "integrity": "sha1-D8c6ntXw1Tw4GTOYUj735UN3dQU=",
      "optional": true,
      "requires": {
        "jsbn": "0.1.1"
      }
    },
    "escape-string-regexp": {
      "version": "1.0.5",
      "resolved": "http://artifactory.rvapps.io:80/api/npm/npm-rvapps/escape-string-regexp/-/escape-string-regexp-1.0.5.tgz",
      "integrity": "sha1-G2HAViGQqN/2rjuyzwIAyhMLhtQ="
    },
    "escodegen": {
      "version": "1.9.0",
      "resolved": "http://artifactory.rvapps.io:80/api/npm/npm-rvapps/escodegen/-/escodegen-1.9.0.tgz",
      "integrity": "sha1-mBGi8mXcHNOJRCDuNxcGS2MriFI=",
      "requires": {
        "esprima": "3.1.3",
        "estraverse": "4.2.0",
        "esutils": "2.0.2",
        "optionator": "0.8.2",
        "source-map": "0.5.7"
      }
    },
    "esprima": {
      "version": "3.1.3",
      "resolved": "http://artifactory.rvapps.io:80/api/npm/npm-rvapps/esprima/-/esprima-3.1.3.tgz",
      "integrity": "sha1-/cpRzuYTOJXjyI1TXOSdv/YqRjM="
    },
    "estraverse": {
      "version": "4.2.0",
      "resolved": "http://artifactory.rvapps.io:80/api/npm/npm-rvapps/estraverse/-/estraverse-4.2.0.tgz",
      "integrity": "sha1-De4/7TH81GlhjOc0IJn8GvoL2xM="
    },
    "esutils": {
      "version": "2.0.2",
      "resolved": "http://artifactory.rvapps.io:80/api/npm/npm-rvapps/esutils/-/esutils-2.0.2.tgz",
      "integrity": "sha1-Cr9PHKpbyx96nYrMbepPqqBLrJs="
    },
    "execa": {
      "version": "0.7.0",
      "resolved": "http://artifactory.rvapps.io:80/api/npm/npm-rvapps/execa/-/execa-0.7.0.tgz",
      "integrity": "sha1-lEvs00zEHuMqY6n68nrVpl/Fl3c=",
      "requires": {
        "cross-spawn": "5.1.0",
        "get-stream": "3.0.0",
        "is-stream": "1.1.0",
        "npm-run-path": "2.0.2",
        "p-finally": "1.0.0",
        "signal-exit": "3.0.2",
        "strip-eof": "1.0.0"
      }
    },
    "extend": {
      "version": "3.0.1",
      "resolved": "http://artifactory.rvapps.io:80/api/npm/npm-rvapps/extend/-/extend-3.0.1.tgz",
      "integrity": "sha1-p1Xqe8Gt/MWjHOfnYtuq3F5jZEQ="
    },
    "extsprintf": {
      "version": "1.3.0",
      "resolved": "http://artifactory.rvapps.io:80/api/npm/npm-rvapps/extsprintf/-/extsprintf-1.3.0.tgz",
      "integrity": "sha1-lpGEQOMEGnpBT4xS48V06zw+HgU="
    },
    "fast-deep-equal": {
      "version": "1.0.0",
      "resolved": "http://artifactory.rvapps.io:80/api/npm/npm-rvapps/fast-deep-equal/-/fast-deep-equal-1.0.0.tgz",
      "integrity": "sha1-liVqO8l1WV6zbYLpkp0GDYk0Of8="
    },
    "fast-json-stable-stringify": {
      "version": "2.0.0",
      "resolved": "http://artifactory.rvapps.io:80/api/npm/npm-rvapps/fast-json-stable-stringify/-/fast-json-stable-stringify-2.0.0.tgz",
      "integrity": "sha1-1RQsDK7msRifh9OnYREGT4bIu/I="
    },
    "fast-levenshtein": {
      "version": "2.0.6",
      "resolved": "http://artifactory.rvapps.io:80/api/npm/npm-rvapps/fast-levenshtein/-/fast-levenshtein-2.0.6.tgz",
      "integrity": "sha1-PYpcZog6FqMMqGQ+hR8Zuqd5eRc="
    },
    "find-up": {
      "version": "2.1.0",
      "resolved": "http://artifactory.rvapps.io:80/api/npm/npm-rvapps/find-up/-/find-up-2.1.0.tgz",
      "integrity": "sha1-RdG35QbHF93UgndaK3eSCjwMV6c=",
      "requires": {
        "locate-path": "2.0.0"
      }
    },
    "forever-agent": {
      "version": "0.6.1",
      "resolved": "http://artifactory.rvapps.io:80/api/npm/npm-rvapps/forever-agent/-/forever-agent-0.6.1.tgz",
      "integrity": "sha1-+8cfDEGt6zf5bFd60e1C2P2sypE="
    },
    "form-data": {
      "version": "2.3.1",
      "resolved": "http://artifactory.rvapps.io:80/api/npm/npm-rvapps/form-data/-/form-data-2.3.1.tgz",
      "integrity": "sha1-b7lPvXGIUwbXPRXMSX/kzE7NRL8=",
      "requires": {
        "asynckit": "0.4.0",
        "combined-stream": "1.0.5",
        "mime-types": "2.1.17"
      }
    },
    "get-caller-file": {
      "version": "1.0.2",
      "resolved": "http://artifactory.rvapps.io:80/api/npm/npm-rvapps/get-caller-file/-/get-caller-file-1.0.2.tgz",
      "integrity": "sha1-9wLmMSfn4jHBYKgMFVSstw1QR+U="
    },
    "get-stream": {
      "version": "3.0.0",
      "resolved": "http://artifactory.rvapps.io:80/api/npm/npm-rvapps/get-stream/-/get-stream-3.0.0.tgz",
      "integrity": "sha1-jpQ9E1jcN1VQVOy+LtsFqhdO3hQ="
    },
    "getpass": {
      "version": "0.1.7",
      "resolved": "http://artifactory.rvapps.io:80/api/npm/npm-rvapps/getpass/-/getpass-0.1.7.tgz",
      "integrity": "sha1-Xv+OPmhNVprkyysSgmBOi6YhSfo=",
      "requires": {
        "assert-plus": "1.0.0"
      }
    },
    "har-schema": {
      "version": "2.0.0",
      "resolved": "http://artifactory.rvapps.io:80/api/npm/npm-rvapps/har-schema/-/har-schema-2.0.0.tgz",
      "integrity": "sha1-qUwiJOvKwEeCoNkDVSHyRzW37JI="
    },
    "har-validator": {
      "version": "5.0.3",
      "resolved": "http://artifactory.rvapps.io:80/api/npm/npm-rvapps/har-validator/-/har-validator-5.0.3.tgz",
      "integrity": "sha1-ukAsJmGU8VlW7xXg/PJCmT9qff0=",
      "requires": {
        "ajv": "5.5.2",
        "har-schema": "2.0.0"
      }
    },
    "has-flag": {
      "version": "2.0.0",
      "resolved": "http://artifactory.rvapps.io:80/api/npm/npm-rvapps/has-flag/-/has-flag-2.0.0.tgz",
      "integrity": "sha1-6CB68cx7MNRGzHC3NLXovhj4jVE="
    },
    "hawk": {
      "version": "6.0.2",
      "resolved": "http://artifactory.rvapps.io:80/api/npm/npm-rvapps/hawk/-/hawk-6.0.2.tgz",
      "integrity": "sha1-r02RTrBl+bXOTZ0RwcshJu7MMDg=",
      "requires": {
        "boom": "4.3.1",
        "cryptiles": "3.1.2",
        "hoek": "4.2.0",
        "sntp": "2.1.0"
      }
    },
    "hoek": {
      "version": "4.2.0",
      "resolved": "http://artifactory.rvapps.io:80/api/npm/npm-rvapps/hoek/-/hoek-4.2.0.tgz",
      "integrity": "sha1-ctnQdU9/4lyi0BrY+PmpRJqJUm0="
    },
    "html-encoding-sniffer": {
      "version": "1.0.2",
      "resolved": "http://artifactory.rvapps.io:80/api/npm/npm-rvapps/html-encoding-sniffer/-/html-encoding-sniffer-1.0.2.tgz",
      "integrity": "sha1-5w2EuU2lOqN14R/jo1G+ZkLKRvg=",
      "requires": {
        "whatwg-encoding": "1.0.3"
      }
    },
    "http-signature": {
      "version": "1.2.0",
      "resolved": "http://artifactory.rvapps.io:80/api/npm/npm-rvapps/http-signature/-/http-signature-1.2.0.tgz",
      "integrity": "sha1-muzZJRFHcvPZW2WmCruPfBj7rOE=",
      "requires": {
        "assert-plus": "1.0.0",
        "jsprim": "1.4.1",
        "sshpk": "1.13.1"
      }
    },
    "iconv-lite": {
      "version": "0.4.19",
      "resolved": "http://artifactory.rvapps.io:80/api/npm/npm-rvapps/iconv-lite/-/iconv-lite-0.4.19.tgz",
      "integrity": "sha1-90aPYBNfXl2tM5nAqBvpoWA6CCs="
    },
    "invert-kv": {
      "version": "1.0.0",
      "resolved": "http://artifactory.rvapps.io:80/api/npm/npm-rvapps/invert-kv/-/invert-kv-1.0.0.tgz",
      "integrity": "sha1-EEqOSqym09jNFXqO+L+rLXo//bY="
    },
    "is-fullwidth-code-point": {
      "version": "1.0.0",
      "resolved": "http://artifactory.rvapps.io:80/api/npm/npm-rvapps/is-fullwidth-code-point/-/is-fullwidth-code-point-1.0.0.tgz",
      "integrity": "sha1-754xOG8DGn8NZDr4L95QxFfvAMs=",
      "requires": {
        "number-is-nan": "1.0.1"
      }
    },
    "is-stream": {
      "version": "1.1.0",
      "resolved": "http://artifactory.rvapps.io:80/api/npm/npm-rvapps/is-stream/-/is-stream-1.1.0.tgz",
      "integrity": "sha1-EtSj3U5o4Lec6428hBc66A2RykQ="
    },
    "is-typedarray": {
      "version": "1.0.0",
      "resolved": "http://artifactory.rvapps.io:80/api/npm/npm-rvapps/is-typedarray/-/is-typedarray-1.0.0.tgz",
      "integrity": "sha1-5HnICFjfDBsR3dppQPlgEfzaSpo="
    },
    "isexe": {
      "version": "2.0.0",
      "resolved": "http://artifactory.rvapps.io:80/api/npm/npm-rvapps/isexe/-/isexe-2.0.0.tgz",
      "integrity": "sha1-6PvzdNxVb/iUehDcsFctYz8s+hA="
    },
    "isstream": {
      "version": "0.1.2",
      "resolved": "http://artifactory.rvapps.io:80/api/npm/npm-rvapps/isstream/-/isstream-0.1.2.tgz",
      "integrity": "sha1-R+Y/evVa+m+S4VAOaQ64uFKcCZo="
    },
    "jsbn": {
      "version": "0.1.1",
      "resolved": "http://artifactory.rvapps.io:80/api/npm/npm-rvapps/jsbn/-/jsbn-0.1.1.tgz",
      "integrity": "sha1-peZUwuWi3rXyAdls77yoDA7y9RM=",
      "optional": true
    },
    "jsdom": {
      "version": "11.5.1",
      "resolved": "http://artifactory.rvapps.io:80/api/npm/npm-rvapps/jsdom/-/jsdom-11.5.1.tgz",
      "integrity": "sha1-XfdTuNC8ogFCziH09sA5+ZqZKSk=",
      "requires": {
        "abab": "1.0.4",
        "acorn": "5.2.1",
        "acorn-globals": "4.1.0",
        "array-equal": "1.0.0",
        "browser-process-hrtime": "0.1.2",
        "content-type-parser": "1.0.2",
        "cssom": "0.3.2",
        "cssstyle": "0.2.37",
        "domexception": "1.0.0",
        "escodegen": "1.9.0",
        "html-encoding-sniffer": "1.0.2",
        "left-pad": "1.2.0",
        "nwmatcher": "1.4.3",
        "parse5": "3.0.3",
        "pn": "1.0.0",
        "request": "2.83.0",
        "request-promise-native": "1.0.5",
        "sax": "1.2.4",
        "symbol-tree": "3.2.2",
        "tough-cookie": "2.3.3",
        "webidl-conversions": "4.0.2",
        "whatwg-encoding": "1.0.3",
        "whatwg-url": "6.4.0",
        "xml-name-validator": "2.0.1"
      }
    },
    "json-schema": {
      "version": "0.2.3",
      "resolved": "http://artifactory.rvapps.io:80/api/npm/npm-rvapps/json-schema/-/json-schema-0.2.3.tgz",
      "integrity": "sha1-tIDIkuWaLwWVTOcnvT8qTogvnhM="
    },
    "json-schema-traverse": {
      "version": "0.3.1",
      "resolved": "http://artifactory.rvapps.io:80/api/npm/npm-rvapps/json-schema-traverse/-/json-schema-traverse-0.3.1.tgz",
      "integrity": "sha1-NJptRMU6Ud6JtAgFxdXlm0F9M0A="
    },
    "json-stringify-safe": {
      "version": "5.0.1",
      "resolved": "http://artifactory.rvapps.io:80/api/npm/npm-rvapps/json-stringify-safe/-/json-stringify-safe-5.0.1.tgz",
      "integrity": "sha1-Epai1Y/UXxmg9s4B1lcB4sc1tus="
    },
    "jsprim": {
      "version": "1.4.1",
      "resolved": "http://artifactory.rvapps.io:80/api/npm/npm-rvapps/jsprim/-/jsprim-1.4.1.tgz",
      "integrity": "sha1-MT5mvB5cwG5Di8G3SZwuXFastqI=",
      "requires": {
        "assert-plus": "1.0.0",
        "extsprintf": "1.3.0",
        "json-schema": "0.2.3",
        "verror": "1.10.0"
      }
    },
    "lcid": {
      "version": "1.0.0",
      "resolved": "http://artifactory.rvapps.io:80/api/npm/npm-rvapps/lcid/-/lcid-1.0.0.tgz",
      "integrity": "sha1-MIrMr6C8SDo4Z7S28rlQYlHRuDU=",
      "requires": {
        "invert-kv": "1.0.0"
      }
    },
    "left-pad": {
      "version": "1.2.0",
      "resolved": "http://artifactory.rvapps.io:80/api/npm/npm-rvapps/left-pad/-/left-pad-1.2.0.tgz",
      "integrity": "sha1-0wpzxrggHY99jnlWupYWCHpo4O4="
    },
    "levn": {
      "version": "0.3.0",
      "resolved": "http://artifactory.rvapps.io:80/api/npm/npm-rvapps/levn/-/levn-0.3.0.tgz",
      "integrity": "sha1-OwmSTt+fCDwEkP3UwLxEIeBHZO4=",
      "requires": {
        "prelude-ls": "1.1.2",
        "type-check": "0.3.2"
      }
    },
    "locate-path": {
      "version": "2.0.0",
      "resolved": "http://artifactory.rvapps.io:80/api/npm/npm-rvapps/locate-path/-/locate-path-2.0.0.tgz",
      "integrity": "sha1-K1aLJl7slExtnA3pw9u7ygNUzY4=",
      "requires": {
        "p-locate": "2.0.0",
        "path-exists": "3.0.0"
      }
    },
    "lodash": {
      "version": "4.17.4",
      "resolved": "http://artifactory.rvapps.io:80/api/npm/npm-rvapps/lodash/-/lodash-4.17.4.tgz",
      "integrity": "sha1-eCA6TRwyiuHYbcpkYONptX9AVa4="
    },
    "lodash.sortby": {
      "version": "4.7.0",
      "resolved": "http://artifactory.rvapps.io:80/api/npm/npm-rvapps/lodash.sortby/-/lodash.sortby-4.7.0.tgz",
      "integrity": "sha1-7dFMgk4sycHgsKG0K7UhBRakJDg="
    },
    "lru-cache": {
      "version": "4.1.1",
      "resolved": "http://artifactory.rvapps.io:80/api/npm/npm-rvapps/lru-cache/-/lru-cache-4.1.1.tgz",
      "integrity": "sha1-Yi4y6CSItJJ5EUpPns9F581rulU=",
      "requires": {
        "pseudomap": "1.0.2",
        "yallist": "2.1.2"
      }
    },
    "mem": {
      "version": "1.1.0",
      "resolved": "http://artifactory.rvapps.io:80/api/npm/npm-rvapps/mem/-/mem-1.1.0.tgz",
      "integrity": "sha1-Xt1StIXKHZAP5kiVUFOZoN+kX3Y=",
      "requires": {
        "mimic-fn": "1.1.0"
      }
    },
    "mime-db": {
      "version": "1.30.0",
      "resolved": "http://artifactory.rvapps.io:80/api/npm/npm-rvapps/mime-db/-/mime-db-1.30.0.tgz",
      "integrity": "sha1-dMZD2i3Z1qRTmZY0ZbJtXKfXHwE="
    },
    "mime-types": {
      "version": "2.1.17",
      "resolved": "http://artifactory.rvapps.io:80/api/npm/npm-rvapps/mime-types/-/mime-types-2.1.17.tgz",
      "integrity": "sha1-Cdejk/A+mVp5+K+Fe3Cp4KsWVXo=",
      "requires": {
        "mime-db": "1.30.0"
      }
    },
    "mimic-fn": {
      "version": "1.1.0",
      "resolved": "http://artifactory.rvapps.io:80/api/npm/npm-rvapps/mimic-fn/-/mimic-fn-1.1.0.tgz",
      "integrity": "sha1-5md4PZLonb00KBi1IwudYqZyrRg="
    },
    "npm-run-path": {
      "version": "2.0.2",
      "resolved": "http://artifactory.rvapps.io:80/api/npm/npm-rvapps/npm-run-path/-/npm-run-path-2.0.2.tgz",
      "integrity": "sha1-NakjLfo11wZ7TLLd8jV7GHFTbF8=",
      "requires": {
        "path-key": "2.0.1"
      }
    },
    "number-is-nan": {
      "version": "1.0.1",
      "resolved": "http://artifactory.rvapps.io:80/api/npm/npm-rvapps/number-is-nan/-/number-is-nan-1.0.1.tgz",
      "integrity": "sha1-CXtgK1NCKlIsGvuHkDGDNpQaAR0="
    },
    "nwmatcher": {
      "version": "1.4.3",
      "resolved": "http://artifactory.rvapps.io:80/api/npm/npm-rvapps/nwmatcher/-/nwmatcher-1.4.3.tgz",
      "integrity": "sha1-ZDSOOz2A8DW0CsEVY9J4+LctuJw="
    },
    "oauth-sign": {
      "version": "0.8.2",
      "resolved": "http://artifactory.rvapps.io:80/api/npm/npm-rvapps/oauth-sign/-/oauth-sign-0.8.2.tgz",
      "integrity": "sha1-Rqarfwrq2N6unsBWV4C31O/rnUM="
    },
    "optionator": {
      "version": "0.8.2",
      "resolved": "http://artifactory.rvapps.io:80/api/npm/npm-rvapps/optionator/-/optionator-0.8.2.tgz",
      "integrity": "sha1-NkxeQJ0/TWMB1sC0wFu6UBgK62Q=",
      "requires": {
        "deep-is": "0.1.3",
        "fast-levenshtein": "2.0.6",
        "levn": "0.3.0",
        "prelude-ls": "1.1.2",
        "type-check": "0.3.2",
        "wordwrap": "1.0.0"
      }
    },
    "os-locale": {
      "version": "2.1.0",
      "resolved": "http://artifactory.rvapps.io:80/api/npm/npm-rvapps/os-locale/-/os-locale-2.1.0.tgz",
      "integrity": "sha1-QrwpAKa1uL0XN2yOiCtlr8zyS/I=",
      "requires": {
        "execa": "0.7.0",
        "lcid": "1.0.0",
        "mem": "1.1.0"
      }
    },
    "p-finally": {
      "version": "1.0.0",
      "resolved": "http://artifactory.rvapps.io:80/api/npm/npm-rvapps/p-finally/-/p-finally-1.0.0.tgz",
      "integrity": "sha1-P7z7FbiZpEEjs0ttzBi3JDNqLK4="
    },
    "p-limit": {
      "version": "1.1.0",
      "resolved": "http://artifactory.rvapps.io:80/api/npm/npm-rvapps/p-limit/-/p-limit-1.1.0.tgz",
      "integrity": "sha1-sH/y2aXYi+yAYDWJWiurZqJ5iLw="
    },
    "p-locate": {
      "version": "2.0.0",
      "resolved": "http://artifactory.rvapps.io:80/api/npm/npm-rvapps/p-locate/-/p-locate-2.0.0.tgz",
      "integrity": "sha1-IKAQOyIqcMj9OcwuWAaA893l7EM=",
      "requires": {
        "p-limit": "1.1.0"
      }
    },
    "parse5": {
      "version": "3.0.3",
      "resolved": "http://artifactory.rvapps.io:80/api/npm/npm-rvapps/parse5/-/parse5-3.0.3.tgz",
      "integrity": "sha1-BC95L/3TaFFVHPTp4Gazh0q0W1w=",
      "requires": {
        "@types/node": "8.5.2"
      }
    },
    "path-exists": {
      "version": "3.0.0",
      "resolved": "http://artifactory.rvapps.io:80/api/npm/npm-rvapps/path-exists/-/path-exists-3.0.0.tgz",
      "integrity": "sha1-zg6+ql94yxiSXqfYENe1mwEP1RU="
    },
    "path-key": {
      "version": "2.0.1",
      "resolved": "http://artifactory.rvapps.io:80/api/npm/npm-rvapps/path-key/-/path-key-2.0.1.tgz",
      "integrity": "sha1-QRyttXTFoUDTpLGRDUDYDMn0C0A="
    },
    "performance-now": {
      "version": "2.1.0",
      "resolved": "http://artifactory.rvapps.io:80/api/npm/npm-rvapps/performance-now/-/performance-now-2.1.0.tgz",
      "integrity": "sha1-Ywn04OX6kT7BxpMHrjZLSzd8nns="
    },
    "pn": {
      "version": "1.0.0",
      "resolved": "http://artifactory.rvapps.io:80/api/npm/npm-rvapps/pn/-/pn-1.0.0.tgz",
      "integrity": "sha1-HPWjCw2AbNGPiPxBprXUrWFbO6k="
    },
    "prelude-ls": {
      "version": "1.1.2",
      "resolved": "http://artifactory.rvapps.io:80/api/npm/npm-rvapps/prelude-ls/-/prelude-ls-1.1.2.tgz",
      "integrity": "sha1-IZMqVJ9eUv/ZqCf1cOBL5iqX2lQ="
    },
    "pseudomap": {
      "version": "1.0.2",
      "resolved": "http://artifactory.rvapps.io:80/api/npm/npm-rvapps/pseudomap/-/pseudomap-1.0.2.tgz",
      "integrity": "sha1-8FKijacOYYkX7wqKw0wa5aaChrM="
    },
    "punycode": {
      "version": "1.4.1",
      "resolved": "http://artifactory.rvapps.io:80/api/npm/npm-rvapps/punycode/-/punycode-1.4.1.tgz",
      "integrity": "sha1-wNWmOycYgArY4esPpSachN1BhF4="
    },
    "qs": {
      "version": "6.5.1",
      "resolved": "http://artifactory.rvapps.io:80/api/npm/npm-rvapps/qs/-/qs-6.5.1.tgz",
      "integrity": "sha1-NJzfbu+J7EXBLX1es/wMhwNDptg="
    },
    "request": {
      "version": "2.83.0",
      "resolved": "http://artifactory.rvapps.io:80/api/npm/npm-rvapps/request/-/request-2.83.0.tgz",
      "integrity": "sha1-ygtl2gLtYpNYh4COb1EDgQNOM1Y=",
      "requires": {
        "aws-sign2": "0.7.0",
        "aws4": "1.6.0",
        "caseless": "0.12.0",
        "combined-stream": "1.0.5",
        "extend": "3.0.1",
        "forever-agent": "0.6.1",
        "form-data": "2.3.1",
        "har-validator": "5.0.3",
        "hawk": "6.0.2",
        "http-signature": "1.2.0",
        "is-typedarray": "1.0.0",
        "isstream": "0.1.2",
        "json-stringify-safe": "5.0.1",
        "mime-types": "2.1.17",
        "oauth-sign": "0.8.2",
        "performance-now": "2.1.0",
        "qs": "6.5.1",
        "safe-buffer": "5.1.1",
        "stringstream": "0.0.5",
        "tough-cookie": "2.3.3",
        "tunnel-agent": "0.6.0",
        "uuid": "3.1.0"
      }
    },
    "request-promise-core": {
      "version": "1.1.1",
      "resolved": "http://artifactory.rvapps.io:80/api/npm/npm-rvapps/request-promise-core/-/request-promise-core-1.1.1.tgz",
      "integrity": "sha1-Pu4AssWqgyOc+wTFcA2jb4HNCLY=",
      "requires": {
        "lodash": "4.17.4"
      }
    },
    "request-promise-native": {
      "version": "1.0.5",
      "resolved": "http://artifactory.rvapps.io:80/api/npm/npm-rvapps/request-promise-native/-/request-promise-native-1.0.5.tgz",
      "integrity": "sha1-UoF3D2jgyXGeUWP9P6tIIhX0/aU=",
      "requires": {
        "request-promise-core": "1.1.1",
        "stealthy-require": "1.1.1",
        "tough-cookie": "2.3.3"
      }
    },
    "require-directory": {
      "version": "2.1.1",
      "resolved": "http://artifactory.rvapps.io:80/api/npm/npm-rvapps/require-directory/-/require-directory-2.1.1.tgz",
      "integrity": "sha1-jGStX9MNqxyXbiNE/+f3kqam30I="
    },
    "require-main-filename": {
      "version": "1.0.1",
      "resolved": "http://artifactory.rvapps.io:80/api/npm/npm-rvapps/require-main-filename/-/require-main-filename-1.0.1.tgz",
      "integrity": "sha1-l/cXtp1IeE9fUmpsWqj/3aBVpNE="
    },
    "safe-buffer": {
      "version": "5.1.1",
      "resolved": "http://artifactory.rvapps.io:80/api/npm/npm-rvapps/safe-buffer/-/safe-buffer-5.1.1.tgz",
      "integrity": "sha1-iTMSr2myEj3vcfV4iQAWce6yyFM="
    },
    "sax": {
      "version": "1.2.4",
      "resolved": "http://artifactory.rvapps.io:80/api/npm/npm-rvapps/sax/-/sax-1.2.4.tgz",
      "integrity": "sha1-KBYjTiN4vdxOU1T6tcqold9xANk="
    },
    "set-blocking": {
      "version": "2.0.0",
      "resolved": "http://artifactory.rvapps.io:80/api/npm/npm-rvapps/set-blocking/-/set-blocking-2.0.0.tgz",
      "integrity": "sha1-BF+XgtARrppoA93TgrJDkrPYkPc="
    },
    "shebang-command": {
      "version": "1.2.0",
      "resolved": "http://artifactory.rvapps.io:80/api/npm/npm-rvapps/shebang-command/-/shebang-command-1.2.0.tgz",
      "integrity": "sha1-RKrGW2lbAzmJaMOfNj/uXer98eo=",
      "requires": {
        "shebang-regex": "1.0.0"
      }
    },
    "shebang-regex": {
      "version": "1.0.0",
      "resolved": "http://artifactory.rvapps.io:80/api/npm/npm-rvapps/shebang-regex/-/shebang-regex-1.0.0.tgz",
      "integrity": "sha1-2kL0l0DAtC2yypcoVxyxkMmO/qM="
    },
    "shell-exec": {
      "version": "1.0.0",
      "resolved": "http://artifactory.rvapps.io:80/api/npm/npm-rvapps/shell-exec/-/shell-exec-1.0.0.tgz",
      "integrity": "sha1-PnKhfloW2bsMuH5ZzOKQsCsQmmE="
    },
    "signal-exit": {
      "version": "3.0.2",
      "resolved": "http://artifactory.rvapps.io:80/api/npm/npm-rvapps/signal-exit/-/signal-exit-3.0.2.tgz",
      "integrity": "sha1-tf3AjxKH6hF4Yo5BXiUTK3NkbG0="
    },
    "sntp": {
      "version": "2.1.0",
      "resolved": "http://artifactory.rvapps.io:80/api/npm/npm-rvapps/sntp/-/sntp-2.1.0.tgz",
      "integrity": "sha1-LGzsFP7cIiJznK+bXD2F0cxaLMg=",
      "requires": {
        "hoek": "4.2.0"
      }
    },
    "source-map": {
      "version": "0.5.7",
      "resolved": "http://artifactory.rvapps.io:80/api/npm/npm-rvapps/source-map/-/source-map-0.5.7.tgz",
      "integrity": "sha1-igOdLRAh0i0eoUyA2OpGi6LvP8w=",
      "optional": true
    },
    "sshpk": {
      "version": "1.13.1",
      "resolved": "http://artifactory.rvapps.io:80/api/npm/npm-rvapps/sshpk/-/sshpk-1.13.1.tgz",
      "integrity": "sha1-US322mKHFEMW3EwY/hzx2UBzm+M=",
      "requires": {
        "asn1": "0.2.3",
        "assert-plus": "1.0.0",
        "bcrypt-pbkdf": "1.0.1",
        "dashdash": "1.14.1",
        "ecc-jsbn": "0.1.1",
        "getpass": "0.1.7",
        "jsbn": "0.1.1",
        "tweetnacl": "0.14.5"
      }
    },
    "stealthy-require": {
      "version": "1.1.1",
      "resolved": "http://artifactory.rvapps.io:80/api/npm/npm-rvapps/stealthy-require/-/stealthy-require-1.1.1.tgz",
      "integrity": "sha1-NbCYdbT/SfJqd35QmzCQoyJr8ks="
    },
    "string-width": {
      "version": "2.1.1",
      "resolved": "http://artifactory.rvapps.io:80/api/npm/npm-rvapps/string-width/-/string-width-2.1.1.tgz",
      "integrity": "sha1-q5Pyeo3BPSjKyBXEYhQ6bZASrp4=",
      "requires": {
        "is-fullwidth-code-point": "2.0.0",
        "strip-ansi": "4.0.0"
      },
      "dependencies": {
        "ansi-regex": {
          "version": "3.0.0",
          "resolved": "http://artifactory.rvapps.io:80/api/npm/npm-rvapps/ansi-regex/-/ansi-regex-3.0.0.tgz",
          "integrity": "sha1-7QMXwyIGT3lGbAKWa922Bas32Zg="
        },
        "is-fullwidth-code-point": {
          "version": "2.0.0",
          "resolved": "http://artifactory.rvapps.io:80/api/npm/npm-rvapps/is-fullwidth-code-point/-/is-fullwidth-code-point-2.0.0.tgz",
          "integrity": "sha1-o7MKXE8ZkYMWeqq5O+764937ZU8="
        },
        "strip-ansi": {
          "version": "4.0.0",
          "resolved": "http://artifactory.rvapps.io:80/api/npm/npm-rvapps/strip-ansi/-/strip-ansi-4.0.0.tgz",
          "integrity": "sha1-qEeQIusaw2iocTibY1JixQXuNo8=",
          "requires": {
            "ansi-regex": "3.0.0"
          }
        }
      }
    },
    "stringstream": {
      "version": "0.0.5",
      "resolved": "http://artifactory.rvapps.io:80/api/npm/npm-rvapps/stringstream/-/stringstream-0.0.5.tgz",
      "integrity": "sha1-TkhM1N5aC7vuGORjB3EKioFiGHg="
    },
    "strip-ansi": {
      "version": "3.0.1",
      "resolved": "http://artifactory.rvapps.io:80/api/npm/npm-rvapps/strip-ansi/-/strip-ansi-3.0.1.tgz",
      "integrity": "sha1-ajhfuIU9lS1f8F0Oiq+UJ43GPc8=",
      "requires": {
        "ansi-regex": "2.1.1"
      }
    },
    "strip-eof": {
      "version": "1.0.0",
      "resolved": "http://artifactory.rvapps.io:80/api/npm/npm-rvapps/strip-eof/-/strip-eof-1.0.0.tgz",
      "integrity": "sha1-u0P/VZim6wXYm1n80SnJgzE2Br8="
    },
    "supports-color": {
      "version": "4.5.0",
      "resolved": "http://artifactory.rvapps.io:80/api/npm/npm-rvapps/supports-color/-/supports-color-4.5.0.tgz",
      "integrity": "sha1-vnoN5ITexcXN34s9WRJQRJEvY1s=",
      "requires": {
        "has-flag": "2.0.0"
      }
    },
    "symbol-tree": {
      "version": "3.2.2",
      "resolved": "http://artifactory.rvapps.io:80/api/npm/npm-rvapps/symbol-tree/-/symbol-tree-3.2.2.tgz",
      "integrity": "sha1-rifbOPZgp64uHDt9G8KQgZuFGeY="
    },
    "tough-cookie": {
      "version": "2.3.3",
      "resolved": "http://artifactory.rvapps.io:80/api/npm/npm-rvapps/tough-cookie/-/tough-cookie-2.3.3.tgz",
      "integrity": "sha1-C2GKVWW23qkL80JdBNVe3EdadWE=",
      "requires": {
        "punycode": "1.4.1"
      }
    },
    "tr46": {
      "version": "1.0.1",
      "resolved": "http://artifactory.rvapps.io:80/api/npm/npm-rvapps/tr46/-/tr46-1.0.1.tgz",
      "integrity": "sha1-qLE/1r/SSJUZZ0zN5VujaTtwbQk=",
      "requires": {
        "punycode": "2.1.0"
      },
      "dependencies": {
        "punycode": {
          "version": "2.1.0",
          "resolved": "http://artifactory.rvapps.io:80/api/npm/npm-rvapps/punycode/-/punycode-2.1.0.tgz",
          "integrity": "sha1-X4Y+3Im5bbCQdLrXlHvwkFbKTn0="
        }
      }
    },
    "tunnel-agent": {
      "version": "0.6.0",
      "resolved": "http://artifactory.rvapps.io:80/api/npm/npm-rvapps/tunnel-agent/-/tunnel-agent-0.6.0.tgz",
      "integrity": "sha1-J6XeoGs2sEoKmWZ3SykIaPD8QP0=",
      "requires": {
        "safe-buffer": "5.1.1"
      }
    },
    "tweetnacl": {
      "version": "0.14.5",
      "resolved": "http://artifactory.rvapps.io:80/api/npm/npm-rvapps/tweetnacl/-/tweetnacl-0.14.5.tgz",
      "integrity": "sha1-WuaBd/GS1EViadEIr6k/+HQ/T2Q=",
      "optional": true
    },
    "type-check": {
      "version": "0.3.2",
      "resolved": "http://artifactory.rvapps.io:80/api/npm/npm-rvapps/type-check/-/type-check-0.3.2.tgz",
      "integrity": "sha1-WITKtRLPHTVeP7eE8wgEsrUg23I=",
      "requires": {
        "prelude-ls": "1.1.2"
      }
    },
    "uuid": {
      "version": "3.1.0",
      "resolved": "http://artifactory.rvapps.io:80/api/npm/npm-rvapps/uuid/-/uuid-3.1.0.tgz",
      "integrity": "sha1-PdPT55Crwk17DToDT/q6vijrvAQ="
    },
    "verror": {
      "version": "1.10.0",
      "resolved": "http://artifactory.rvapps.io:80/api/npm/npm-rvapps/verror/-/verror-1.10.0.tgz",
      "integrity": "sha1-OhBcoXBTr1XW4nDB+CiGguGNpAA=",
      "requires": {
        "assert-plus": "1.0.0",
        "core-util-is": "1.0.2",
        "extsprintf": "1.3.0"
      }
    },
    "webidl-conversions": {
      "version": "4.0.2",
      "resolved": "http://artifactory.rvapps.io:80/api/npm/npm-rvapps/webidl-conversions/-/webidl-conversions-4.0.2.tgz",
      "integrity": "sha1-qFWYCx8LazWbodXZ+zmulB+qY60="
    },
    "whatwg-encoding": {
      "version": "1.0.3",
      "resolved": "http://artifactory.rvapps.io:80/api/npm/npm-rvapps/whatwg-encoding/-/whatwg-encoding-1.0.3.tgz",
      "integrity": "sha1-V8I1vIZX6RTSTho5fTyC2u4Ka6M=",
      "requires": {
        "iconv-lite": "0.4.19"
      }
    },
    "whatwg-url": {
      "version": "6.4.0",
      "resolved": "http://artifactory.rvapps.io:80/api/npm/npm-rvapps/whatwg-url/-/whatwg-url-6.4.0.tgz",
      "integrity": "sha1-CP3yuehyeDp6H2IWJgodZsxyLgg=",
      "requires": {
        "lodash.sortby": "4.7.0",
        "tr46": "1.0.1",
        "webidl-conversions": "4.0.2"
      }
    },
    "which": {
      "version": "1.3.0",
      "resolved": "http://artifactory.rvapps.io:80/api/npm/npm-rvapps/which/-/which-1.3.0.tgz",
      "integrity": "sha1-/wS9/AEO5UfXgL7DjhrBwnd9JTo=",
      "requires": {
        "isexe": "2.0.0"
      }
    },
    "which-module": {
      "version": "2.0.0",
      "resolved": "http://artifactory.rvapps.io:80/api/npm/npm-rvapps/which-module/-/which-module-2.0.0.tgz",
      "integrity": "sha1-2e8H3Od7mQK4o6j6SzHD4/fm6Ho="
    },
    "wordwrap": {
      "version": "1.0.0",
      "resolved": "http://artifactory.rvapps.io:80/api/npm/npm-rvapps/wordwrap/-/wordwrap-1.0.0.tgz",
      "integrity": "sha1-J1hIEIkUVqQXHI0CJkQa3pDLyus="
    },
    "wrap-ansi": {
      "version": "2.1.0",
      "resolved": "http://artifactory.rvapps.io:80/api/npm/npm-rvapps/wrap-ansi/-/wrap-ansi-2.1.0.tgz",
      "integrity": "sha1-2Pw9KE3QV5T+hJc8rs3Rz4JP3YU=",
      "requires": {
        "string-width": "1.0.2",
        "strip-ansi": "3.0.1"
      },
      "dependencies": {
        "string-width": {
          "version": "1.0.2",
          "resolved": "http://artifactory.rvapps.io:80/api/npm/npm-rvapps/string-width/-/string-width-1.0.2.tgz",
          "integrity": "sha1-EYvfW4zcUaKn5w0hHgfisLmxB9M=",
          "requires": {
            "code-point-at": "1.1.0",
            "is-fullwidth-code-point": "1.0.0",
            "strip-ansi": "3.0.1"
          }
        }
      }
    },
    "xml-name-validator": {
      "version": "2.0.1",
      "resolved": "http://artifactory.rvapps.io:80/api/npm/npm-rvapps/xml-name-validator/-/xml-name-validator-2.0.1.tgz",
      "integrity": "sha1-TYuPHszTQZqjYgYb7O9RXh5VljU="
    },
    "y18n": {
      "version": "3.2.1",
      "resolved": "http://artifactory.rvapps.io:80/api/npm/npm-rvapps/y18n/-/y18n-3.2.1.tgz",
      "integrity": "sha1-bRX7qITAhnnA136I53WegR4H+kE="
    },
    "yallist": {
      "version": "2.1.2",
      "resolved": "http://artifactory.rvapps.io:80/api/npm/npm-rvapps/yallist/-/yallist-2.1.2.tgz",
      "integrity": "sha1-HBH5IY8HYImkfdUS+TxmmaaoHVI="
    },
    "yargs": {
      "version": "10.0.3",
      "resolved": "http://artifactory.rvapps.io:80/api/npm/npm-rvapps/yargs/-/yargs-10.0.3.tgz",
      "integrity": "sha1-ZULevZCArVF+xQSPtFTv6eTUqq4=",
      "requires": {
        "cliui": "3.2.0",
        "decamelize": "1.2.0",
        "find-up": "2.1.0",
        "get-caller-file": "1.0.2",
        "os-locale": "2.1.0",
        "require-directory": "2.1.1",
        "require-main-filename": "1.0.1",
        "set-blocking": "2.0.0",
        "string-width": "2.1.1",
        "which-module": "2.0.0",
        "y18n": "3.2.1",
        "yargs-parser": "8.1.0"
      }
    },
    "yargs-parser": {
      "version": "8.1.0",
      "resolved": "http://artifactory.rvapps.io:80/api/npm/npm-rvapps/yargs-parser/-/yargs-parser-8.1.0.tgz",
      "integrity": "sha1-8TdqM7Ziml0GN4KUTacyYx6WaVA=",
      "requires": {
        "camelcase": "4.1.0"
      }
    }
  }
}
